
Microsoft Visual Studio Solution File, Format Version 12.00
# Visual Studio Version 17
VisualStudioVersion = 17.1.32328.378
MinimumVisualStudioVersion = 10.0.40219.1
Project("{FAE04EC0-301F-11D3-BF4B-00C04F79EFBC}") = "Queue", "Queue.csproj", "{8B402DB0-1040-4036-9208-94354761B742}"
EndProject
Global
	GlobalSection(SolutionConfigurationPlatforms) = preSolution
		Debug|Any CPU = Debug|Any CPU
		Release|Any CPU = Release|Any CPU
	EndGlobalSection
	GlobalSection(ProjectConfigurationPlatforms) = postSolution
		{8B402DB0-1040-4036-9208-94354761B742}.Debug|Any CPU.ActiveCfg = Debug|Any CPU
		{8B402DB0-1040-4036-9208-94354761B742}.Debug|Any CPU.Build.0 = Debug|Any CPU
		{8B402DB0-1040-4036-9208-94354761B742}.Release|Any CPU.ActiveCfg = Release|Any CPU
		{8B402DB0-1040-4036-9208-94354761B742}.Release|Any CPU.Build.0 = Release|Any CPU
	EndGlobalSection
	GlobalSection(SolutionProperties) = preSolution
		HideSolutionNode = FALSE
	EndGlobalSection
	GlobalSection(ExtensibilityGlobals) = postSolution
		SolutionGuid = {D42AD863-C507-4558-828B-6705BEEBE4B5}
	EndGlobalSection
EndGlobal
